
Microsoft Visual Studio Solution File, Format Version 12.00
# Visual Studio 15
VisualStudioVersion = 15.0.28307.1062
MinimumVisualStudioVersion = 10.0.40219.1
Project("{FAE04EC0-301F-11D3-BF4B-00C04F79EFBC}") = "DZ_22", "DZ_22\DZ_22.csproj", "{2654D46E-9BCC-4FCC-8BB9-62C32552F509}"
EndProject
Global
	GlobalSection(SolutionConfigurationPlatforms) = preSolution
		Debug|Any CPU = Debug|Any CPU
		Release|Any CPU = Release|Any CPU
	EndGlobalSection
	GlobalSection(ProjectConfigurationPlatforms) = postSolution
		{2654D46E-9BCC-4FCC-8BB9-62C32552F509}.Debug|Any CPU.ActiveCfg = Debug|Any CPU
		{2654D46E-9BCC-4FCC-8BB9-62C32552F509}.Debug|Any CPU.Build.0 = Debug|Any CPU
		{2654D46E-9BCC-4FCC-8BB9-62C32552F509}.Release|Any CPU.ActiveCfg = Release|Any CPU
		{2654D46E-9BCC-4FCC-8BB9-62C32552F509}.Release|Any CPU.Build.0 = Release|Any CPU
	EndGlobalSection
	GlobalSection(SolutionProperties) = preSolution
		HideSolutionNode = FALSE
	EndGlobalSection
	GlobalSection(ExtensibilityGlobals) = postSolution
		SolutionGuid = {86924231-6B57-4A9D-8C0D-38C6AE384BA3}
	EndGlobalSection
EndGlobal
