
Microsoft Visual Studio Solution File, Format Version 12.00
# Visual Studio Version 16
VisualStudioVersion = 16.0.30517.126
MinimumVisualStudioVersion = 10.0.40219.1
Project("{FAE04EC0-301F-11D3-BF4B-00C04F79EFBC}") = "DZ_222", "DZ_222\DZ_222.csproj", "{4844CFAE-BE41-4431-80B1-8ADE99B00780}"
EndProject
Global
	GlobalSection(SolutionConfigurationPlatforms) = preSolution
		Debug|Any CPU = Debug|Any CPU
		Release|Any CPU = Release|Any CPU
	EndGlobalSection
	GlobalSection(ProjectConfigurationPlatforms) = postSolution
		{4844CFAE-BE41-4431-80B1-8ADE99B00780}.Debug|Any CPU.ActiveCfg = Debug|Any CPU
		{4844CFAE-BE41-4431-80B1-8ADE99B00780}.Debug|Any CPU.Build.0 = Debug|Any CPU
		{4844CFAE-BE41-4431-80B1-8ADE99B00780}.Release|Any CPU.ActiveCfg = Release|Any CPU
		{4844CFAE-BE41-4431-80B1-8ADE99B00780}.Release|Any CPU.Build.0 = Release|Any CPU
	EndGlobalSection
	GlobalSection(SolutionProperties) = preSolution
		HideSolutionNode = FALSE
	EndGlobalSection
	GlobalSection(ExtensibilityGlobals) = postSolution
		SolutionGuid = {32073B2E-9D9B-42FF-9372-E3ED0E8F737A}
	EndGlobalSection
EndGlobal
