
Microsoft Visual Studio Solution File, Format Version 12.00
# Visual Studio Version 16
VisualStudioVersion = 16.0.30517.126
MinimumVisualStudioVersion = 10.0.40219.1
Project("{FAE04EC0-301F-11D3-BF4B-00C04F79EFBC}") = "Dzz2", "Dzz2\Dzz2.csproj", "{267B1ACA-5550-43E0-8D52-832063C6C6BC}"
EndProject
Global
	GlobalSection(SolutionConfigurationPlatforms) = preSolution
		Debug|Any CPU = Debug|Any CPU
		Release|Any CPU = Release|Any CPU
	EndGlobalSection
	GlobalSection(ProjectConfigurationPlatforms) = postSolution
		{267B1ACA-5550-43E0-8D52-832063C6C6BC}.Debug|Any CPU.ActiveCfg = Debug|Any CPU
		{267B1ACA-5550-43E0-8D52-832063C6C6BC}.Debug|Any CPU.Build.0 = Debug|Any CPU
		{267B1ACA-5550-43E0-8D52-832063C6C6BC}.Release|Any CPU.ActiveCfg = Release|Any CPU
		{267B1ACA-5550-43E0-8D52-832063C6C6BC}.Release|Any CPU.Build.0 = Release|Any CPU
	EndGlobalSection
	GlobalSection(SolutionProperties) = preSolution
		HideSolutionNode = FALSE
	EndGlobalSection
	GlobalSection(ExtensibilityGlobals) = postSolution
		SolutionGuid = {DADA2CF8-3872-4B61-A7AA-D5CB45633171}
	EndGlobalSection
EndGlobal
